
Microsoft Visual Studio Solution File, Format Version 12.00
# Visual Studio Version 17
VisualStudioVersion = 17.8.34330.188
MinimumVisualStudioVersion = 10.0.40219.1
Project("{FAE04EC0-301F-11D3-BF4B-00C04F79EFBC}") = "2600ROMVisualizer", "2600ROMVisualizer\2600ROMVisualizer.csproj", "{67738C2C-EA54-49BB-B738-04DDFEEC462E}"
EndProject
Global
	GlobalSection(SolutionConfigurationPlatforms) = preSolution
		Debug|Any CPU = Debug|Any CPU
		Release|Any CPU = Release|Any CPU
	EndGlobalSection
	GlobalSection(ProjectConfigurationPlatforms) = postSolution
		{67738C2C-EA54-49BB-B738-04DDFEEC462E}.Debug|Any CPU.ActiveCfg = Debug|Any CPU
		{67738C2C-EA54-49BB-B738-04DDFEEC462E}.Debug|Any CPU.Build.0 = Debug|Any CPU
		{67738C2C-EA54-49BB-B738-04DDFEEC462E}.Release|Any CPU.ActiveCfg = Release|Any CPU
		{67738C2C-EA54-49BB-B738-04DDFEEC462E}.Release|Any CPU.Build.0 = Release|Any CPU
	EndGlobalSection
	GlobalSection(SolutionProperties) = preSolution
		HideSolutionNode = FALSE
	EndGlobalSection
	GlobalSection(ExtensibilityGlobals) = postSolution
		SolutionGuid = {F5966647-B6CC-4376-85E7-5A2B28AF2BC5}
	EndGlobalSection
EndGlobal
